// !$*UTF8*$!
{
	archiveVersion = 1;
	classes = {
	};
	objectVersion = 77;
	objects = {

/* Begin PBXBuildFile section */
		7A60A8272F65DC1000393CE9 /* FirebaseAuth in Frameworks */ = {isa = PBXBuildFile; productRef = 7A60A8262F65DC1000393CE9 /* FirebaseAuth */; };
		7A60A8292F65DC1000393CE9 /* FirebaseFirestore in Frameworks */ = {isa = PBXBuildFile; productRef = 7A60A8282F65DC1000393CE9 /* FirebaseFirestore */; };
		7A60A82F2F65DFE500393CE9 /* GoogleSignIn in Frameworks */ = {isa = PBXBuildFile; productRef = 7A60A82E2F65DFE500393CE9 /* GoogleSignIn */; };
		7A60A8312F65DFE500393CE9 /* GoogleSignInSwift in Frameworks */ = {isa = PBXBuildFile; productRef = 7A60A8302F65DFE500393CE9 /* GoogleSignInSwift */; };
		7A6F96D92F7B1B9800BF45A0 /* SPConfetti in Frameworks */ = {isa = PBXBuildFile; productRef = 7A6F96D82F7B1B9800BF45A0 /* SPConfetti */; };
		D466785E2F1FC1690079C4AA /* SnapKit in Frameworks */ = {isa = PBXBuildFile; productRef = D466785D2F1FC1690079C4AA /* SnapKit */; };
		D4A9543E2F23DAB90038CAA3 /* IQKeyboardManagerSwift in Frameworks */ = {isa = PBXBuildFile; productRef = D4A9543D2F23DAB90038CAA3 /* IQKeyboardManagerSwift */; };
/* End PBXBuildFile section */

/* Begin PBXCopyFilesBuildPhase section */
		7A08254E2F4334C900E46CBB /* Embed Foundation Extensions */ = {
			isa = PBXCopyFilesBuildPhase;
			buildActionMask = 2147483647;
			dstPath = "";
			dstSubfolderSpec = 13;
			files = (
			);
			name = "Embed Foundation Extensions";
			runOnlyForDeploymentPostprocessing = 0;
		};
/* End PBXCopyFilesBuildPhase section */

/* Begin PBXFileReference section */
		7A08253B2F4334C800E46CBB /* WidgetKit.framework */ = {isa = PBXFileReference; lastKnownFileType = wrapper.framework; name = WidgetKit.framework; path = System/Library/Frameworks/WidgetKit.framework; sourceTree = SDKROOT; };
		7A08253D2F4334C800E46CBB /* SwiftUI.framework */ = {isa = PBXFileReference; lastKnownFileType = wrapper.framework; name = SwiftUI.framework; path = System/Library/Frameworks/SwiftUI.framework; sourceTree = SDKROOT; };
		7A082A192F436DCE00E46CBB /* BookingsWidgetExtension.entitlements */ = {isa = PBXFileReference; lastKnownFileType = text.plist.entitlements; path = BookingsWidgetExtension.entitlements; sourceTree = "<group>"; };
		D466783F2F1FBFF20079C4AA /* RentUp.app */ = {isa = PBXFileReference; explicitFileType = wrapper.application; includeInIndex = 0; path = RentUp.app; sourceTree = BUILT_PRODUCTS_DIR; };
/* End PBXFileReference section */

/* Begin PBXFileSystemSynchronizedBuildFileExceptionSet section */
		D46678512F1FBFF40079C4AA /* Exceptions for "RentUp" folder in "RentUp" target */ = {
			isa = PBXFileSystemSynchronizedBuildFileExceptionSet;
			membershipExceptions = (
				"Resources/Supporting Files/Info.plist",
			);
			target = D466783E2F1FBFF20079C4AA /* RentUp */;
		};
/* End PBXFileSystemSynchronizedBuildFileExceptionSet section */

/* Begin PBXFileSystemSynchronizedRootGroup section */
		D46678412F1FBFF20079C4AA /* RentUp */ = {
			isa = PBXFileSystemSynchronizedRootGroup;
			exceptions = (
				D46678512F1FBFF40079C4AA /* Exceptions for "RentUp" folder in "RentUp" target */,
			);
			path = RentUp;
			sourceTree = "<group>";
		};
/* End PBXFileSystemSynchronizedRootGroup section */

/* Begin PBXFrameworksBuildPhase section */
		D466783C2F1FBFF20079C4AA /* Frameworks */ = {
			isa = PBXFrameworksBuildPhase;
			buildActionMask = 2147483647;
			files = (
				7A60A8272F65DC1000393CE9 /* FirebaseAuth in Frameworks */,
				7A6F96D92F7B1B9800BF45A0 /* SPConfetti in Frameworks */,
				D466785E2F1FC1690079C4AA /* SnapKit in Frameworks */,
				7A60A8312F65DFE500393CE9 /* GoogleSignInSwift in Frameworks */,
				D4A9543E2F23DAB90038CAA3 /* IQKeyboardManagerSwift in Frameworks */,
				7A60A8292F65DC1000393CE9 /* FirebaseFirestore in Frameworks */,
				7A60A82F2F65DFE500393CE9 /* GoogleSignIn in Frameworks */,
			);
			runOnlyForDeploymentPostprocessing = 0;
		};
/* End PBXFrameworksBuildPhase section */

/* Begin PBXGroup section */
		7A08253A2F4334C800E46CBB /* Frameworks */ = {
			isa = PBXGroup;
			children = (
				7A08253B2F4334C800E46CBB /* WidgetKit.framework */,
				7A08253D2F4334C800E46CBB /* SwiftUI.framework */,
			);
			name = Frameworks;
			sourceTree = "<group>";
		};
		D46678362F1FBFF20079C4AA = {
			isa = PBXGroup;
			children = (
				7A082A192F436DCE00E46CBB /* BookingsWidgetExtension.entitlements */,
				D46678412F1FBFF20079C4AA /* RentUp */,
				7A08253A2F4334C800E46CBB /* Frameworks */,
				D46678402F1FBFF20079C4AA /* Products */,
			);
			sourceTree = "<group>";
		};
		D46678402F1FBFF20079C4AA /* Products */ = {
			isa = PBXGroup;
			children = (
				D466783F2F1FBFF20079C4AA /* RentUp.app */,
			);
			name = Products;
			sourceTree = "<group>";
		};
/* End PBXGroup section */

/* Begin PBXNativeTarget section */
		D466783E2F1FBFF20079C4AA /* RentUp */ = {
			isa = PBXNativeTarget;
			buildConfigurationList = D46678522F1FBFF40079C4AA /* Build configuration list for PBXNativeTarget "RentUp" */;
			buildPhases = (
				D466783B2F1FBFF20079C4AA /* Sources */,
				D466783C2F1FBFF20079C4AA /* Frameworks */,
				D466783D2F1FBFF20079C4AA /* Resources */,
				7A08254E2F4334C900E46CBB /* Embed Foundation Extensions */,
			);
			buildRules = (
			);
			dependencies = (
			);
			fileSystemSynchronizedGroups = (
				D46678412F1FBFF20079C4AA /* RentUp */,
			);
			name = RentUp;
			packageProductDependencies = (
				D466785D2F1FC1690079C4AA /* SnapKit */,
				D4A9543D2F23DAB90038CAA3 /* IQKeyboardManagerSwift */,
				7A60A8262F65DC1000393CE9 /* FirebaseAuth */,
				7A60A8282F65DC1000393CE9 /* FirebaseFirestore */,
				7A60A82E2F65DFE500393CE9 /* GoogleSignIn */,
				7A60A8302F65DFE500393CE9 /* GoogleSignInSwift */,
				7A6F96D82F7B1B9800BF45A0 /* SPConfetti */,
			);
			productName = RentUp;
			productReference = D466783F2F1FBFF20079C4AA /* RentUp.app */;
			productType = "com.apple.product-type.application";
		};
/* End PBXNativeTarget section */

/* Begin PBXProject section */
		D46678372F1FBFF20079C4AA /* Project object */ = {
			isa = PBXProject;
			attributes = {
				BuildIndependentTargetsInParallel = 1;
				LastSwiftUpdateCheck = 2620;
				LastUpgradeCheck = 2620;
				TargetAttributes = {
					D466783E2F1FBFF20079C4AA = {
						CreatedOnToolsVersion = 26.2;
					};
				};
			};
			buildConfigurationList = D466783A2F1FBFF20079C4AA /* Build configuration list for PBXProject "RentUp" */;
			developmentRegion = fr;
			hasScannedForEncodings = 0;
			knownRegions = (
				Base,
				fr,
			);
			mainGroup = D46678362F1FBFF20079C4AA;
			minimizedProjectReferenceProxies = 1;
			packageReferences = (
				D466785C2F1FC1690079C4AA /* XCRemoteSwiftPackageReference "SnapKit" */,
				D4A9543C2F23DAB90038CAA3 /* XCRemoteSwiftPackageReference "IQKeyboardManager" */,
				7A60A8252F65DC1000393CE9 /* XCRemoteSwiftPackageReference "firebase-ios-sdk" */,
				7A60A82D2F65DFE500393CE9 /* XCRemoteSwiftPackageReference "GoogleSignIn-iOS" */,
				7A6F96D72F7B1B9800BF45A0 /* XCRemoteSwiftPackageReference "SPConfetti" */,
			);
			preferredProjectObjectVersion = 77;
			productRefGroup = D46678402F1FBFF20079C4AA /* Products */;
			projectDirPath = "";
			projectRoot = "";
			targets = (
				D466783E2F1FBFF20079C4AA /* RentUp */,
			);
		};
/* End PBXProject section */

/* Begin PBXResourcesBuildPhase section */
		D466783D2F1FBFF20079C4AA /* Resources */ = {
			isa = PBXResourcesBuildPhase;
			buildActionMask = 2147483647;
			files = (
			);
			runOnlyForDeploymentPostprocessing = 0;
		};
/* End PBXResourcesBuildPhase section */

/* Begin PBXSourcesBuildPhase section */
		D466783B2F1FBFF20079C4AA /* Sources */ = {
			isa = PBXSourcesBuildPhase;
			buildActionMask = 2147483647;
			files = (
			);
			runOnlyForDeploymentPostprocessing = 0;
		};
/* End PBXSourcesBuildPhase section */

/* Begin XCBuildConfiguration section */
		D46678532F1FBFF40079C4AA /* Debug */ = {
			isa = XCBuildConfiguration;
			buildSettings = {
				ASSETCATALOG_COMPILER_APPICON_NAME = AppIcon;
				ASSETCATALOG_COMPILER_GLOBAL_ACCENT_COLOR_NAME = AccentColor;
				CODE_SIGN_ENTITLEMENTS = RentUp/RentUp.entitlements;
				CODE_SIGN_STYLE = Automatic;
				CURRENT_PROJECT_VERSION = 1.0.1;
				DEVELOPMENT_TEAM = K73XJ748R3;
				GENERATE_INFOPLIST_FILE = YES;
				INFOPLIST_FILE = "RentUp/Resources/Supporting Files/Info.plist";
				INFOPLIST_KEY_CFBundleDisplayName = "BienGéré";
				INFOPLIST_KEY_ITSAppUsesNonExemptEncryption = NO;
				INFOPLIST_KEY_LSApplicationCategoryType = "public.app-category.business";
				INFOPLIST_KEY_UIApplicationSupportsIndirectInputEvents = YES;
				INFOPLIST_KEY_UILaunchStoryboardName = LaunchScreen;
				INFOPLIST_KEY_UIMainStoryboardFile = "";
				INFOPLIST_KEY_UISupportedInterfaceOrientations = "UIInterfaceOrientationLandscapeLeft UIInterfaceOrientationLandscapeRight UIInterfaceOrientationPortrait UIInterfaceOrientationPortraitUpsideDown";
				INFOPLIST_KEY_UIUserInterfaceStyle = Light;
				LD_RUNPATH_SEARCH_PATHS = (
					"$(inherited)",
					"@executable_path/Frameworks",
				);
				MARKETING_VERSION = 1.0.4;
				PRODUCT_BUNDLE_IDENTIFIER = com.michaelblin.RentUp;
				PRODUCT_NAME = "$(TARGET_NAME)";
				STRING_CATALOG_GENERATE_SYMBOLS = YES;
				SWIFT_APPROACHABLE_CONCURRENCY = YES;
				SWIFT_DEFAULT_ACTOR_ISOLATION = MainActor;
				SWIFT_EMIT_LOC_STRINGS = YES;
				SWIFT_UPCOMING_FEATURE_MEMBER_IMPORT_VISIBILITY = YES;
				SWIFT_VERSION = 5.0;
				TARGETED_DEVICE_FAMILY = "1,2";
			};
			name = Debug;
		};
		D46678542F1FBFF40079C4AA /* Release */ = {
			isa = XCBuildConfiguration;
			buildSettings = {
				ASSETCATALOG_COMPILER_APPICON_NAME = AppIcon;
				ASSETCATALOG_COMPILER_GLOBAL_ACCENT_COLOR_NAME = AccentColor;
				CODE_SIGN_ENTITLEMENTS = RentUp/RentUp.entitlements;
				CODE_SIGN_STYLE = Automatic;
				CURRENT_PROJECT_VERSION = 1.0.1;
				DEVELOPMENT_TEAM = K73XJ748R3;
				GENERATE_INFOPLIST_FILE = YES;
				INFOPLIST_FILE = "RentUp/Resources/Supporting Files/Info.plist";
				INFOPLIST_KEY_CFBundleDisplayName = "BienGéré";
				INFOPLIST_KEY_ITSAppUsesNonExemptEncryption = NO;
				INFOPLIST_KEY_LSApplicationCategoryType = "public.app-category.business";
				INFOPLIST_KEY_UIApplicationSupportsIndirectInputEvents = YES;
				INFOPLIST_KEY_UILaunchStoryboardName = LaunchScreen;
				INFOPLIST_KEY_UIMainStoryboardFile = "";
				INFOPLIST_KEY_UISupportedInterfaceOrientations = "UIInterfaceOrientationLandscapeLeft UIInterfaceOrientationLandscapeRight UIInterfaceOrientationPortrait UIInterfaceOrientationPortraitUpsideDown";
				INFOPLIST_KEY_UIUserInterfaceStyle = Light;
				LD_RUNPATH_SEARCH_PATHS = (
					"$(inherited)",
					"@executable_path/Frameworks",
				);
				MARKETING_VERSION = 1.0.4;
				PRODUCT_BUNDLE_IDENTIFIER = com.michaelblin.RentUp;
				PRODUCT_NAME = "$(TARGET_NAME)";
				STRING_CATALOG_GENERATE_SYMBOLS = YES;
				SWIFT_APPROACHABLE_CONCURRENCY = YES;
				SWIFT_DEFAULT_ACTOR_ISOLATION = MainActor;
				SWIFT_EMIT_LOC_STRINGS = YES;
				SWIFT_UPCOMING_FEATURE_MEMBER_IMPORT_VISIBILITY = YES;
				SWIFT_VERSION = 5.0;
				TARGETED_DEVICE_FAMILY = "1,2";
			};
			name = Release;
		};
		D46678552F1FBFF40079C4AA /* Debug */ = {
			isa = XCBuildConfiguration;
			buildSettings = {
				ALWAYS_SEARCH_USER_PATHS = NO;
				ASSETCATALOG_COMPILER_GENERATE_SWIFT_ASSET_SYMBOL_EXTENSIONS = YES;
				CLANG_ANALYZER_LOCALIZABILITY_NONLOCALIZED = YES;
				CLANG_ANALYZER_NONNULL = YES;
				CLANG_ANALYZER_NUMBER_OBJECT_CONVERSION = YES_AGGRESSIVE;
				CLANG_CXX_LANGUAGE_STANDARD = "gnu++20";
				CLANG_ENABLE_MODULES = YES;
				CLANG_ENABLE_OBJC_ARC = YES;
				CLANG_ENABLE_OBJC_WEAK = YES;
				CLANG_WARN_BLOCK_CAPTURE_AUTORELEASING = YES;
				CLANG_WARN_BOOL_CONVERSION = YES;
				CLANG_WARN_COMMA = YES;
				CLANG_WARN_CONSTANT_CONVERSION = YES;
				CLANG_WARN_DEPRECATED_OBJC_IMPLEMENTATIONS = YES;
				CLANG_WARN_DIRECT_OBJC_ISA_USAGE = YES_ERROR;
				CLANG_WARN_DOCUMENTATION_COMMENTS = YES;
				CLANG_WARN_EMPTY_BODY = YES;
				CLANG_WARN_ENUM_CONVERSION = YES;
				CLANG_WARN_INFINITE_RECURSION = YES;
				CLANG_WARN_INT_CONVERSION = YES;
				CLANG_WARN_NON_LITERAL_NULL_CONVERSION = YES;
				CLANG_WARN_OBJC_IMPLICIT_RETAIN_SELF = YES;
				CLANG_WARN_OBJC_LITERAL_CONVERSION = YES;
				CLANG_WARN_OBJC_ROOT_CLASS = YES_ERROR;
				CLANG_WARN_QUOTED_INCLUDE_IN_FRAMEWORK_HEADER = YES;
				CLANG_WARN_RANGE_LOOP_ANALYSIS = YES;
				CLANG_WARN_STRICT_PROTOTYPES = YES;
				CLANG_WARN_SUSPICIOUS_MOVE = YES;
				CLANG_WARN_UNGUARDED_AVAILABILITY = YES_AGGRESSIVE;
				CLANG_WARN_UNREACHABLE_CODE = YES;
				CLANG_WARN__DUPLICATE_METHOD_MATCH = YES;
				COPY_PHASE_STRIP = NO;
				DEBUG_INFORMATION_FORMAT = dwarf;
				DEVELOPMENT_TEAM = K73XJ748R3;
				ENABLE_STRICT_OBJC_MSGSEND = YES;
				ENABLE_TESTABILITY = YES;
				ENABLE_USER_SCRIPT_SANDBOXING = YES;
				GCC_C_LANGUAGE_STANDARD = gnu17;
				GCC_DYNAMIC_NO_PIC = NO;
				GCC_NO_COMMON_BLOCKS = YES;
				GCC_OPTIMIZATION_LEVEL = 0;
				GCC_PREPROCESSOR_DEFINITIONS = (
					"DEBUG=1",
					"$(inherited)",
				);
				GCC_WARN_64_TO_32_BIT_CONVERSION = YES;
				GCC_WARN_ABOUT_RETURN_TYPE = YES_ERROR;
				GCC_WARN_UNDECLARED_SELECTOR = YES;
				GCC_WARN_UNINITIALIZED_AUTOS = YES_AGGRESSIVE;
				GCC_WARN_UNUSED_FUNCTION = YES;
				GCC_WARN_UNUSED_VARIABLE = YES;
				IPHONEOS_DEPLOYMENT_TARGET = 26.2;
				LOCALIZATION_PREFERS_STRING_CATALOGS = YES;
				MTL_ENABLE_DEBUG_INFO = INCLUDE_SOURCE;
				MTL_FAST_MATH = YES;
				ONLY_ACTIVE_ARCH = YES;
				SDKROOT = iphoneos;
				SWIFT_ACTIVE_COMPILATION_CONDITIONS = "DEBUG $(inherited)";
				SWIFT_OPTIMIZATION_LEVEL = "-Onone";
			};
			name = Debug;
		};
		D46678562F1FBFF40079C4AA /* Release */ = {
			isa = XCBuildConfiguration;
			buildSettings = {
				ALWAYS_SEARCH_USER_PATHS = NO;
				ASSETCATALOG_COMPILER_GENERATE_SWIFT_ASSET_SYMBOL_EXTENSIONS = YES;
				CLANG_ANALYZER_LOCALIZABILITY_NONLOCALIZED = YES;
				CLANG_ANALYZER_NONNULL = YES;
				CLANG_ANALYZER_NUMBER_OBJECT_CONVERSION = YES_AGGRESSIVE;
				CLANG_CXX_LANGUAGE_STANDARD = "gnu++20";
				CLANG_ENABLE_MODULES = YES;
				CLANG_ENABLE_OBJC_ARC = YES;
				CLANG_ENABLE_OBJC_WEAK = YES;
				CLANG_WARN_BLOCK_CAPTURE_AUTORELEASING = YES;
				CLANG_WARN_BOOL_CONVERSION = YES;
				CLANG_WARN_COMMA = YES;
				CLANG_WARN_CONSTANT_CONVERSION = YES;
				CLANG_WARN_DEPRECATED_OBJC_IMPLEMENTATIONS = YES;
				CLANG_WARN_DIRECT_OBJC_ISA_USAGE = YES_ERROR;
				CLANG_WARN_DOCUMENTATION_COMMENTS = YES;
				CLANG_WARN_EMPTY_BODY = YES;
				CLANG_WARN_ENUM_CONVERSION = YES;
				CLANG_WARN_INFINITE_RECURSION = YES;
				CLANG_WARN_INT_CONVERSION = YES;
				CLANG_WARN_NON_LITERAL_NULL_CONVERSION = YES;
				CLANG_WARN_OBJC_IMPLICIT_RETAIN_SELF = YES;
				CLANG_WARN_OBJC_LITERAL_CONVERSION = YES;
				CLANG_WARN_OBJC_ROOT_CLASS = YES_ERROR;
				CLANG_WARN_QUOTED_INCLUDE_IN_FRAMEWORK_HEADER = YES;
				CLANG_WARN_RANGE_LOOP_ANALYSIS = YES;
				CLANG_WARN_STRICT_PROTOTYPES = YES;
				CLANG_WARN_SUSPICIOUS_MOVE = YES;
				CLANG_WARN_UNGUARDED_AVAILABILITY = YES_AGGRESSIVE;
				CLANG_WARN_UNREACHABLE_CODE = YES;
				CLANG_WARN__DUPLICATE_METHOD_MATCH = YES;
				COPY_PHASE_STRIP = NO;
				DEBUG_INFORMATION_FORMAT = "dwarf-with-dsym";
				DEVELOPMENT_TEAM = K73XJ748R3;
				ENABLE_NS_ASSERTIONS = NO;
				ENABLE_STRICT_OBJC_MSGSEND = YES;
				ENABLE_USER_SCRIPT_SANDBOXING = YES;
				GCC_C_LANGUAGE_STANDARD = gnu17;
				GCC_NO_COMMON_BLOCKS = YES;
				GCC_WARN_64_TO_32_BIT_CONVERSION = YES;
				GCC_WARN_ABOUT_RETURN_TYPE = YES_ERROR;
				GCC_WARN_UNDECLARED_SELECTOR = YES;
				GCC_WARN_UNINITIALIZED_AUTOS = YES_AGGRESSIVE;
				GCC_WARN_UNUSED_FUNCTION = YES;
				GCC_WARN_UNUSED_VARIABLE = YES;
				IPHONEOS_DEPLOYMENT_TARGET = 26.2;
				LOCALIZATION_PREFERS_STRING_CATALOGS = YES;
				MTL_ENABLE_DEBUG_INFO = NO;
				MTL_FAST_MATH = YES;
				SDKROOT = iphoneos;
				SWIFT_COMPILATION_MODE = wholemodule;
				VALIDATE_PRODUCT = YES;
			};
			name = Release;
		};
/* End XCBuildConfiguration section */

/* Begin XCConfigurationList section */
		D466783A2F1FBFF20079C4AA /* Build configuration list for PBXProject "RentUp" */ = {
			isa = XCConfigurationList;
			buildConfigurations = (
				D46678552F1FBFF40079C4AA /* Debug */,
				D46678562F1FBFF40079C4AA /* Release */,
			);
			defaultConfigurationIsVisible = 0;
			defaultConfigurationName = Release;
		};
		D46678522F1FBFF40079C4AA /* Build configuration list for PBXNativeTarget "RentUp" */ = {
			isa = XCConfigurationList;
			buildConfigurations = (
				D46678532F1FBFF40079C4AA /* Debug */,
				D46678542F1FBFF40079C4AA /* Release */,
			);
			defaultConfigurationIsVisible = 0;
			defaultConfigurationName = Release;
		};
/* End XCConfigurationList section */

/* Begin XCRemoteSwiftPackageReference section */
		7A60A8252F65DC1000393CE9 /* XCRemoteSwiftPackageReference "firebase-ios-sdk" */ = {
			isa = XCRemoteSwiftPackageReference;
			repositoryURL = "https://github.com/firebase/firebase-ios-sdk";
			requirement = {
				kind = upToNextMajorVersion;
				minimumVersion = 12.10.0;
			};
		};
		7A60A82D2F65DFE500393CE9 /* XCRemoteSwiftPackageReference "GoogleSignIn-iOS" */ = {
			isa = XCRemoteSwiftPackageReference;
			repositoryURL = "https://github.com/google/GoogleSignIn-iOS";
			requirement = {
				kind = upToNextMajorVersion;
				minimumVersion = 9.1.0;
			};
		};
		7A6F96D72F7B1B9800BF45A0 /* XCRemoteSwiftPackageReference "SPConfetti" */ = {
			isa = XCRemoteSwiftPackageReference;
			repositoryURL = "https://github.com/ivanvorobei/SPConfetti";
			requirement = {
				kind = upToNextMajorVersion;
				minimumVersion = 1.4.2;
			};
		};
		D466785C2F1FC1690079C4AA /* XCRemoteSwiftPackageReference "SnapKit" */ = {
			isa = XCRemoteSwiftPackageReference;
			repositoryURL = "https://github.com/SnapKit/SnapKit.git";
			requirement = {
				kind = upToNextMajorVersion;
				minimumVersion = 5.7.1;
			};
		};
		D4A9543C2F23DAB90038CAA3 /* XCRemoteSwiftPackageReference "IQKeyboardManager" */ = {
			isa = XCRemoteSwiftPackageReference;
			repositoryURL = "https://github.com/hackiftekhar/IQKeyboardManager.git";
			requirement = {
				kind = upToNextMajorVersion;
				minimumVersion = 8.0.2;
			};
		};
/* End XCRemoteSwiftPackageReference section */

/* Begin XCSwiftPackageProductDependency section */
		7A60A8262F65DC1000393CE9 /* FirebaseAuth */ = {
			isa = XCSwiftPackageProductDependency;
			package = 7A60A8252F65DC1000393CE9 /* XCRemoteSwiftPackageReference "firebase-ios-sdk" */;
			productName = FirebaseAuth;
		};
		7A60A8282F65DC1000393CE9 /* FirebaseFirestore */ = {
			isa = XCSwiftPackageProductDependency;
			package = 7A60A8252F65DC1000393CE9 /* XCRemoteSwiftPackageReference "firebase-ios-sdk" */;
			productName = FirebaseFirestore;
		};
		7A60A82E2F65DFE500393CE9 /* GoogleSignIn */ = {
			isa = XCSwiftPackageProductDependency;
			package = 7A60A82D2F65DFE500393CE9 /* XCRemoteSwiftPackageReference "GoogleSignIn-iOS" */;
			productName = GoogleSignIn;
		};
		7A60A8302F65DFE500393CE9 /* GoogleSignInSwift */ = {
			isa = XCSwiftPackageProductDependency;
			package = 7A60A82D2F65DFE500393CE9 /* XCRemoteSwiftPackageReference "GoogleSignIn-iOS" */;
			productName = GoogleSignInSwift;
		};
		7A6F96D82F7B1B9800BF45A0 /* SPConfetti */ = {
			isa = XCSwiftPackageProductDependency;
			package = 7A6F96D72F7B1B9800BF45A0 /* XCRemoteSwiftPackageReference "SPConfetti" */;
			productName = SPConfetti;
		};
		D466785D2F1FC1690079C4AA /* SnapKit */ = {
			isa = XCSwiftPackageProductDependency;
			package = D466785C2F1FC1690079C4AA /* XCRemoteSwiftPackageReference "SnapKit" */;
			productName = SnapKit;
		};
		D4A9543D2F23DAB90038CAA3 /* IQKeyboardManagerSwift */ = {
			isa = XCSwiftPackageProductDependency;
			package = D4A9543C2F23DAB90038CAA3 /* XCRemoteSwiftPackageReference "IQKeyboardManager" */;
			productName = IQKeyboardManagerSwift;
		};
/* End XCSwiftPackageProductDependency section */
	};
	rootObject = D46678372F1FBFF20079C4AA /* Project object */;
}
